
Microsoft Visual Studio Solution File, Format Version 12.00
# Visual Studio 15
VisualStudioVersion = 15.0.27130.2003
MinimumVisualStudioVersion = 10.0.40219.1
Project("{9A19103F-16F7-4668-BE54-9A1E7A4F7556}") = "CoreWebAPI", "CoreWebAPI\CoreWebAPI.csproj", "{0573D9C6-9698-48C1-905C-27C53D3C64EB}"
EndProject
Project("{9A19103F-16F7-4668-BE54-9A1E7A4F7556}") = "DAL", "DAL\DAL.csproj", "{03E84438-B641-4BAF-857B-AC97167A778B}"
EndProject
Project("{9A19103F-16F7-4668-BE54-9A1E7A4F7556}") = "DomainModels", "DomainModels\DomainModels.csproj", "{7A57C556-98B5-4988-8CA9-9867ADC86FDC}"
EndProject
Project("{9A19103F-16F7-4668-BE54-9A1E7A4F7556}") = "Repository", "Repository\Repository.csproj", "{B71D050F-E2D5-46AB-93EC-30C9DC0BECE2}"
EndProject
Project("{9A19103F-16F7-4668-BE54-9A1E7A4F7556}") = "AngularClient", "AngularClient\AngularClient.csproj", "{3BA0842B-A6E5-49C8-983B-784A4E00E4CE}"
EndProject
Project("{FAE04EC0-301F-11D3-BF4B-00C04F79EFBC}") = "DotNetNextClient", "DotNetNextClient\DotNetNextClient.csproj", "{31A42B86-F452-4241-BA14-9C21454C296E}"
EndProject
Global
	GlobalSection(SolutionConfigurationPlatforms) = preSolution
		Debug|Any CPU = Debug|Any CPU
		Release|Any CPU = Release|Any CPU
	EndGlobalSection
	GlobalSection(ProjectConfigurationPlatforms) = postSolution
		{0573D9C6-9698-48C1-905C-27C53D3C64EB}.Debug|Any CPU.ActiveCfg = Debug|Any CPU
		{0573D9C6-9698-48C1-905C-27C53D3C64EB}.Debug|Any CPU.Build.0 = Debug|Any CPU
		{0573D9C6-9698-48C1-905C-27C53D3C64EB}.Release|Any CPU.ActiveCfg = Release|Any CPU
		{0573D9C6-9698-48C1-905C-27C53D3C64EB}.Release|Any CPU.Build.0 = Release|Any CPU
		{03E84438-B641-4BAF-857B-AC97167A778B}.Debug|Any CPU.ActiveCfg = Debug|Any CPU
		{03E84438-B641-4BAF-857B-AC97167A778B}.Debug|Any CPU.Build.0 = Debug|Any CPU
		{03E84438-B641-4BAF-857B-AC97167A778B}.Release|Any CPU.ActiveCfg = Release|Any CPU
		{03E84438-B641-4BAF-857B-AC97167A778B}.Release|Any CPU.Build.0 = Release|Any CPU
		{7A57C556-98B5-4988-8CA9-9867ADC86FDC}.Debug|Any CPU.ActiveCfg = Debug|Any CPU
		{7A57C556-98B5-4988-8CA9-9867ADC86FDC}.Debug|Any CPU.Build.0 = Debug|Any CPU
		{7A57C556-98B5-4988-8CA9-9867ADC86FDC}.Release|Any CPU.ActiveCfg = Release|Any CPU
		{7A57C556-98B5-4988-8CA9-9867ADC86FDC}.Release|Any CPU.Build.0 = Release|Any CPU
		{B71D050F-E2D5-46AB-93EC-30C9DC0BECE2}.Debug|Any CPU.ActiveCfg = Debug|Any CPU
		{B71D050F-E2D5-46AB-93EC-30C9DC0BECE2}.Debug|Any CPU.Build.0 = Debug|Any CPU
		{B71D050F-E2D5-46AB-93EC-30C9DC0BECE2}.Release|Any CPU.ActiveCfg = Release|Any CPU
		{B71D050F-E2D5-46AB-93EC-30C9DC0BECE2}.Release|Any CPU.Build.0 = Release|Any CPU
		{3BA0842B-A6E5-49C8-983B-784A4E00E4CE}.Debug|Any CPU.ActiveCfg = Debug|Any CPU
		{3BA0842B-A6E5-49C8-983B-784A4E00E4CE}.Debug|Any CPU.Build.0 = Debug|Any CPU
		{3BA0842B-A6E5-49C8-983B-784A4E00E4CE}.Release|Any CPU.ActiveCfg = Release|Any CPU
		{3BA0842B-A6E5-49C8-983B-784A4E00E4CE}.Release|Any CPU.Build.0 = Release|Any CPU
		{31A42B86-F452-4241-BA14-9C21454C296E}.Debug|Any CPU.ActiveCfg = Debug|Any CPU
		{31A42B86-F452-4241-BA14-9C21454C296E}.Debug|Any CPU.Build.0 = Debug|Any CPU
		{31A42B86-F452-4241-BA14-9C21454C296E}.Release|Any CPU.ActiveCfg = Release|Any CPU
		{31A42B86-F452-4241-BA14-9C21454C296E}.Release|Any CPU.Build.0 = Release|Any CPU
	EndGlobalSection
	GlobalSection(SolutionProperties) = preSolution
		HideSolutionNode = FALSE
	EndGlobalSection
	GlobalSection(ExtensibilityGlobals) = postSolution
		SolutionGuid = {1953CFFD-E59E-4BE1-B3B5-5033483CB503}
	EndGlobalSection
EndGlobal
